# THIS IS AN AUTOGENERATED FILE. DO NOT EDIT THIS FILE DIRECTLY.
# yarn lockfile v1


"@rollup/plugin-json@^4.1.0":
  version "4.1.0"
  resolved "https://registry.npm.taobao.org/@rollup/plugin-json/download/@rollup/plugin-json-4.1.0.tgz#54e09867ae6963c593844d8bd7a9c718294496f3"
  integrity sha1-VOCYZ65pY8WThE2L16nHGClElvM=
  dependencies:
    "@rollup/pluginutils" "^3.0.8"

"@rollup/pluginutils@^3.0.8":
  version "3.1.0"
  resolved "https://registry.nlark.com/@rollup/pluginutils/download/@rollup/pluginutils-3.1.0.tgz#706b4524ee6dc8b103b3c995533e5ad680c02b9b"
  integrity sha1-cGtFJO5tyLEDs8mVUz5a1oDAK5s=
  dependencies:
    "@types/estree" "0.0.39"
    estree-walker "^1.0.1"
    picomatch "^2.2.2"

"@types/estree@0.0.39":
  version "0.0.39"
  resolved "https://registry.nlark.com/@types/estree/download/@types/estree-0.0.39.tgz#e177e699ee1b8c22d23174caaa7422644389509f"
  integrity sha1-4Xfmme4bjCLSMXTKqnQiZEOJUJ8=

estree-walker@^1.0.1:
  version "1.0.1"
  resolved "https://registry.npm.taobao.org/estree-walker/download/estree-walker-1.0.1.tgz#31bc5d612c96b704106b477e6dd5d8aa138cb700"
  integrity sha1-MbxdYSyWtwQQa0d+bdXYqhOMtwA=

fsevents@~2.3.2:
  version "2.3.2"
  resolved "https://registry.npm.taobao.org/fsevents/download/fsevents-2.3.2.tgz#8a526f78b8fdf4623b709e0b975c52c24c02fd1a"
  integrity sha1-ilJveLj99GI7cJ4Ll1xSwkwC/Ro=

picomatch@^2.2.2:
  version "2.3.0"
  resolved "https://registry.nlark.com/picomatch/download/picomatch-2.3.0.tgz?cache=0&sync_timestamp=1621648305056&other_urls=https%3A%2F%2Fregistry.nlark.com%2Fpicomatch%2Fdownload%2Fpicomatch-2.3.0.tgz#f1f061de8f6a4bf022892e2d128234fb98302972"
  integrity sha1-8fBh3o9qS/AiiS4tEoI0+5gwKXI=

rollup@^2.56.3:
  version "2.56.3"
  resolved "https://registry.nlark.com/rollup/download/rollup-2.56.3.tgz?cache=0&sync_timestamp=1629695540410&other_urls=https%3A%2F%2Fregistry.nlark.com%2Frollup%2Fdownload%2Frollup-2.56.3.tgz#b63edadd9851b0d618a6d0e6af8201955a77aeff"
  integrity sha1-tj7a3ZhRsNYYptDmr4IBlVp3rv8=
  optionalDependencies:
    fsevents "~2.3.2"
